filippo.io/edwards25519 v1.1.0 h1:FNf4tywRC1HmFuKW5xopWpigGjJKiJSV0Cqo0cJWDaA=
filippo.io/edwards25519 v1.1.0/go.mod h1:BxyFTGdWcka3PhytdK4V28tE5sGfRvvvRV7EaN4VDT4=
github.com/cenkalti/backoff/v5 v5.0.3 h1:ZN+IMa753KfX5hd8vVaMixjnqRZ3y8CuJKRKj1xcsSM=
github.com/cenkalti/backoff/v5 v5.0.3/go.mod h1:rkhZdG3JZukswDf7f0cwqPNk4K0sa+F97BxZthm/crw=
github.com/davecgh/go-spew v1.1.1 h1:vj9j/u1bqnvCEfJOwUhtlOARqs3+rkHYY13jYWTU97c=
github.com/davecgh/go-spew v1.1.1/go.mod h1:J7Y8YcW2NihsgmVo/mv3lAwl/skON4iLHjSsI+c5H38=
github.com/go-logr/logr v1.2.2/go.mod h1:jdQByPbusPIv2/zmleS9BjJVeZ6kBagPoEUsqbVz/1A=
github.com/go-logr/logr v1.4.3 h1:CjnDlHq8ikf6E492q6eKboGOC0T8CDaOvkHCIg8idEI=
github.com/go-logr/logr v1.4.3/go.mod h1:9T104GzyrTigFIr8wt5mBrctHMim0Nb2HLGrmQ40KvY=
github.com/go-logr/stdr v1.2.2 h1:hSWxHoqTgW2S2qGc0LTAI563KZ5YKYRhT3MFKZMbjag=
github.com/go-logr/stdr v1.2.2/go.mod h1:mMo/vtBO5dYbehREoey6XUKy/eSumjCCveDpRre4VKE=
github.com/go-sql-driver/mysql v1.8.1/go.mod h1:wEBSXgmK//2ZFJyE+qWnIsVGmvmEKlqwuVSjsCm7DZg=
github.com/go-sql-driver/mysql v1.9.3 h1:U/N249h2WzJ3Ukj8SowVFjdtZKfu9vlLZxjPXV1aweo=
github.com/go-sql-driver/mysql v1.9.3/go.mod h1:qn46aNg1333BRMNU69Lq93t8du/dwxI64Gl8i5p1WMU=
github.com/golang/protobuf v1.5.4 h1:i7eJL8qZTpSEXOPTxNKhASYpMn+8e5Q6AdndVa1dWek=
github.com/golang/protobuf v1.5.4/go.mod h1:lnTiLA8Wa4RWRcIUkrtSVa5nRhsEGBg48fD6rSs7xps=
github.com/google/go-cmp v0.7.0 h1:wk8382ETsv4JYUZwIsn6YpYiWiBsYLSJiTsyBybVuN8=
github.com/google/go-cmp v0.7.0/go.mod h1:pXiqmnSA92OHEEa9HXL2W4E7lf9JzCmGVUdgjX3N/iU=
github.com/google/uuid v1.6.0 h1:NIvaJDMOsjHA8n1jAhLSgzrAzy1Hgr+hNrb57e+94F0=
github.com/google/uuid v1.6.0/go.mod h1:TIyPZe4MgqvfeYDBFedMoGGpEw/LqOeaOT+nhxU+yHo=
github.com/grpc-ecosystem/grpc-gateway/v2 v2.27.2 h1:8Tjv8EJ+pM1xP8mK6egEbD1OgnVTyacbefKhmbLhIhU=
github.com/grpc-ecosystem/grpc-gateway/v2 v2.27.2/go.mod h1:pkJQ2tZHJ0aFOVEEot6oZmaVEZcRme73eIFmhiVuRWs=
github.com/jmoiron/sqlx v1.4.0 h1:1PLqN7S1UYp5t4SrVVnt4nUVNemrDAtxlulVe+Qgm3o=
github.com/jmoiron/sqlx v1.4.0/go.mod h1:ZrZ7UsYB/weZdl2Bxg6jCRO9c3YHl8r3ahlKmRT4JLY=
github.com/kr/pretty v0.3.1 h1:flRD4NNwYAUpkphVc1HcthR4KEIFJ65n8Mw5qdRn3LE=
github.com/kr/pretty v0.3.1/go.mod h1:hoEshYVHaxMs3cyo3Yncou5ZscifuDolrwPKZanG3xk=
github.com/kr/text v0.2.0 h1:5Nx0Ya0ZqY2ygV366QzturHI13Jq95ApcVaJBhpS+AY=
github.com/kr/text v0.2.0/go.mod h1:eLer722TekiGuMkidMxC/pM04lWEeraHUUmBw8l2grE=
github.com/lib/pq v1.10.9/go.mod h1:AlVN5x4E4T544tWzH6hKfbfQvm3HdbOxrmggDNAPY9o=
github.com/lib/pq v1.11.2 h1:x6gxUeu39V0BHZiugWe8LXZYZ+Utk7hSJGThs8sdzfs=
github.com/lib/pq v1.11.2/go.mod h1:/p+8NSbOcwzAEI7wiMXFlgydTwcgTr3OSKMsD2BitpA=
github.com/mattn/go-sqlite3 v1.14.22 h1:2gZY6PC6kBnID23Tichd1K+Z0oS6nE/XwU+Vz/5o4kU=
github.com/mattn/go-sqlite3 v1.14.22/go.mod h1:Uh1q+B4BYcTPb+yiD3kU8Ct7aC0hY9fxUwlHK0RXw+Y=
github.com/pmezard/go-difflib v1.0.0 h1:4DBwDE0NGyQoBHbLQYPwSUPoCMWR5BEzIk/f1lZbAQM=
github.com/pmezard/go-difflib v1.0.0/go.mod h1:iKH77koFhYxTK1pcRnkKkqfTogsbg7gZNVY4sRDYZ/4=
github.com/rogpeppe/go-internal v1.14.1 h1:UQB4HGPB6osV0SQTLymcB4TgvyWu6ZyliaW0tI/otEQ=
github.com/rogpeppe/go-internal v1.14.1/go.mod h1:MaRKkUm5W0goXpeCfT7UZI6fk/L7L7so1lCWt35ZSgc=
github.com/stretchr/testify v1.11.1 h1:7s2iGBzp5EwR7/aIZr8ao5+dra3wiQyKjjFuvgVKu7U=
github.com/stretchr/testify v1.11.1/go.mod h1:wZwfW3scLgRK+23gO65QZefKpKQRnfz6sD981Nm4B6U=
github.com/zoobz-io/aperture v1.0.3 h1:KAAC4LHwsrpWVDhZXWi03JDc3jiNSH+90vYMxDMK2a8=
github.com/zoobz-io/aperture v1.0.3/go.mod h1:Fk7cHGs49hqP3KqjpI8z0jFOUzH7d3x/XXstx76bt+4=
github.com/zoobz-io/astql v1.0.10 h1:vHxKdAwonYawgAUvQbKdQ7oYa7k1ulJ1iGUOjw1gSBw=
github.com/zoobz-io/astql v1.0.10/go.mod h1:WJtob66m/1gicFkXUkMhD12UvOpDBGROu28AA+OQ9Eo=
github.com/zoobz-io/atom v1.0.2 h1:D0T+fxOumllHR1bjkCnKFFxrUGmQcA1Ov3C/naACpYM=
github.com/zoobz-io/atom v1.0.2/go.mod h1:+/Pu6dYAHVq3hrDt3SOKxdgTmeV66ooKVKnhtVR/ztM=
github.com/zoobz-io/capitan v1.0.2 h1:/NKAgntWeRIN4S0oaZJNk6qaYuDN/Gw68+81kLbkLrc=
github.com/zoobz-io/capitan v1.0.2/go.mod h1:tFqS6q99gRvgYBzvFIfJMDV1ukWU61H6ZB4HyZmiWuI=
github.com/zoobz-io/cereal v0.1.2 h1:JAta37GDpIkjurDJAQeB53QZDSpfxq7CXDnTlXMzv+o=
github.com/zoobz-io/cereal v0.1.2/go.mod h1:7omVwZ94iojNxegYApiVImSp2YNdakixMurUO6O7idA=
github.com/zoobz-io/check v0.0.5 h1:g49wFLToFUtMMffGUgpD3TBIsA572U9J+97dOE2QA44=
github.com/zoobz-io/check v0.0.5/go.mod h1:uLPAEiFL6wYGF6rc4aYrQEzC0x9iGUvn3DTgowUe+TA=
github.com/zoobz-io/clockz v1.0.2 h1:7ejfwTlaeNaVlLWW0pl1ZHfsaq3Iwg5vCphrvJMDNXI=
github.com/zoobz-io/clockz v1.0.2/go.mod h1:kkUNGMtZ5r349253S1uOuLR/6YkC+qt8C8UIypFhn8o=
github.com/zoobz-io/dbml v1.0.1 h1:cbMy/5Hvmgp1ys2vyuPQyuAKnQ90D2N8HtBoBpD7DXs=
github.com/zoobz-io/dbml v1.0.1/go.mod h1:a8/fJGTY2jr/XC87K3b8kY7RKzafVprUSmzvRBakUS0=
github.com/zoobz-io/edamame v1.0.3 h1:dSk+eB6bokiFZMzffnR7YOmKd9CCoemqI8Kza1zJCO0=
github.com/zoobz-io/edamame v1.0.3/go.mod h1:af1PKqjn61ba70CSmqB4gLZkZYz8QPDnQVeRFasiNu4=
github.com/zoobz-io/fig v0.0.4 h1:iOJYKjebtYo2AT5grZdCPlxz0DckO3jNogGiFVjy+Gk=
github.com/zoobz-io/fig v0.0.4/go.mod h1:E0LCV07Y3/XpDuO+0vhvYcmNj83ArG3fievsPjDreH4=
github.com/zoobz-io/grub v1.0.18 h1:WuXSBctGH5n5aDAYEh8+dESaCc/sISXvwk6WQ6fWJ4o=
github.com/zoobz-io/grub v1.0.18/go.mod h1:PIlZjwGAKknT9AMEG6rLSXU5Uxu5Zd5L1qj22IhWU8A=
github.com/zoobz-io/lucene v0.0.4 h1:hmt8rjzCVGPecVTCIYOiu/QDZioE8NQqUUvm+/FXl4E=
github.com/zoobz-io/lucene v0.0.4/go.mod h1:rGPnnt5XV8B4UcRKn/0VrlFM7fMz+tP7+lnKHSWP15o=
github.com/zoobz-io/openapi v1.0.2 h1:KWJmjt/EYTkyzTvNCEK6BXDRWV7J45LhRXqWWZjm2mc=
github.com/zoobz-io/openapi v1.0.2/go.mod h1:B1AhdYd+dAtRRPIH8IQo2yjrvZbUdQAIhyrC+WhdrZA=
github.com/zoobz-io/pipz v1.0.7 h1:z0ND04aOfmVfp/9w/7e2UEtvcVvx7vhinV/1Pto5dwY=
github.com/zoobz-io/pipz v1.0.7/go.mod h1:Fqif5Ciw0GViOA1FbR2BBnSeOF0fWB9MCQ//ViGuGhs=
github.com/zoobz-io/rocco v0.1.21 h1:rMotP96Zhlp7biqHUGwJ3Gl+g1R6FvtO+EElOqaf8C0=
github.com/zoobz-io/rocco v0.1.21/go.mod h1:RkkWlhv/AWOb3cb/ywrjDobomzprt0R7lVtRH5WUkXE=
github.com/zoobz-io/scio v0.0.5 h1:fPDdnLIAUxhdzB0IycdbnI7j8V7is3KRRUiFzmahCeU=
github.com/zoobz-io/scio v0.0.5/go.mod h1:zzwKhZ6DCbWq9gpUQC8b5GehZAjgcX/Aq39bjjxdNQE=
github.com/zoobz-io/sentinel v1.0.4 h1:nGn4zzwwjmd30tJ2nf75xgvkw47lrD+0dDYFMCg1s1k=
github.com/zoobz-io/sentinel v1.0.4/go.mod h1:/Bao7Ro0XVh5oxDZBjpFaNuKosXY3wT5ccjtDnC4lRs=
github.com/zoobz-io/slush v0.0.3 h1:6R5Gvz1mRm9bWUvTkdH3M8vbsMa2Y07UjV+7196lqII=
github.com/zoobz-io/slush v0.0.3/go.mod h1:U4nso+FeOY7iJYX2DsudPfGPayMo2aCSfK94YgXquaQ=
github.com/zoobz-io/soy v1.0.8 h1:GXWJzCLbiQCfnY3TE84T/r7i/CCns9frmD1c5W3V10A=
github.com/zoobz-io/soy v1.0.8/go.mod h1:sTazpzCkusmaUBJc7g5REQZ59Bdbxqm+87lwwu45OHU=
github.com/zoobz-io/sum v0.0.12 h1:C3kZ0upURz6N2+4qL+On8QVpwZ5pYsrTLUE6CACiDZQ=
github.com/zoobz-io/sum v0.0.12/go.mod h1:HqRcGgRSOxMTNOAIUhNFXFwAEeO1PkiZgZvwgjkrqQQ=
github.com/zoobz-io/vecna v0.0.3 h1:eKuYNaCRW5sxa3xLKv2lkk5NH0oXfI3T4odbT8AwFJA=
github.com/zoobz-io/vecna v0.0.3/go.mod h1:xWKOBIflh+meh3jtc6fhTnsnYjZ/nAWFClfTSlHRoS0=
go.opentelemetry.io/auto/sdk v1.1.0 h1:cH53jehLUN6UFLY71z+NDOiNJqDdPRaXzTel0sJySYA=
go.opentelemetry.io/auto/sdk v1.1.0/go.mod h1:3wSPjt5PWp2RhlCcmmOial7AvC4DQqZb7a7wCow3W8A=
go.opentelemetry.io/otel v1.38.0 h1:RkfdswUDRimDg0m2Az18RKOsnI8UDzppJAtj01/Ymk8=
go.opentelemetry.io/otel v1.38.0/go.mod h1:zcmtmQ1+YmQM9wrNsTGV/q/uyusom3P8RxwExxkZhjM=
go.opentelemetry.io/otel/exporters/otlp/otlplog/otlploghttp v0.14.0 h1:QQqYw3lkrzwVsoEX0w//EhH/TCnpRdEenKBOOEIMjWc=
go.opentelemetry.io/otel/exporters/otlp/otlplog/otlploghttp v0.14.0/go.mod h1:gSVQcr17jk2ig4jqJ2DX30IdWH251JcNAecvrqTxH1s=
go.opentelemetry.io/otel/exporters/otlp/otlpmetric/otlpmetrichttp v1.38.0 h1:Oe2z/BCg5q7k4iXC3cqJxKYg0ieRiOqF0cecFYdPTwk=
go.opentelemetry.io/otel/exporters/otlp/otlpmetric/otlpmetrichttp v1.38.0/go.mod h1:ZQM5lAJpOsKnYagGg/zV2krVqTtaVdYdDkhMoX6Oalg=
go.opentelemetry.io/otel/exporters/otlp/otlptrace v1.38.0 h1:GqRJVj7UmLjCVyVJ3ZFLdPRmhDUp2zFmQe3RHIOsw24=
go.opentelemetry.io/otel/exporters/otlp/otlptrace v1.38.0/go.mod h1:ri3aaHSmCTVYu2AWv44YMauwAQc0aqI9gHKIcSbI1pU=
go.opentelemetry.io/otel/exporters/otlp/otlptrace/otlptracehttp v1.38.0 h1:aTL7F04bJHUlztTsNGJ2l+6he8c+y/b//eR0jjjemT4=
go.opentelemetry.io/otel/exporters/otlp/otlptrace/otlptracehttp v1.38.0/go.mod h1:kldtb7jDTeol0l3ewcmd8SDvx3EmIE7lyvqbasU3QC4=
go.opentelemetry.io/otel/log v0.14.0 h1:2rzJ+pOAZ8qmZ3DDHg73NEKzSZkhkGIua9gXtxNGgrM=
go.opentelemetry.io/otel/log v0.14.0/go.mod h1:5jRG92fEAgx0SU/vFPxmJvhIuDU9E1SUnEQrMlJpOno=
go.opentelemetry.io/otel/metric v1.38.0 h1:Kl6lzIYGAh5M159u9NgiRkmoMKjvbsKtYRwgfrA6WpA=
go.opentelemetry.io/otel/metric v1.38.0/go.mod h1:kB5n/QoRM8YwmUahxvI3bO34eVtQf2i4utNVLr9gEmI=
go.opentelemetry.io/otel/sdk v1.38.0 h1:l48sr5YbNf2hpCUj/FoGhW9yDkl+Ma+LrVl8qaM5b+E=
go.opentelemetry.io/otel/sdk v1.38.0/go.mod h1:ghmNdGlVemJI3+ZB5iDEuk4bWA3GkTpW+DOoZMYBVVg=
go.opentelemetry.io/otel/sdk/log v0.14.0 h1:JU/U3O7N6fsAXj0+CXz21Czg532dW2V4gG1HE/e8Zrg=
go.opentelemetry.io/otel/sdk/log v0.14.0/go.mod h1:imQvII+0ZylXfKU7/wtOND8Hn4OpT3YUoIgqJVksUkM=
go.opentelemetry.io/otel/sdk/log/logtest v0.14.0 h1:Ijbtz+JKXl8T2MngiwqBlPaHqc4YCaP/i13Qrow6gAM=
go.opentelemetry.io/otel/sdk/log/logtest v0.14.0/go.mod h1:dCU8aEL6q+L9cYTqcVOk8rM9Tp8WdnHOPLiBgp0SGOA=
go.opentelemetry.io/otel/sdk/metric v1.38.0 h1:aSH66iL0aZqo//xXzQLYozmWrXxyFkBJ6qT5wthqPoM=
go.opentelemetry.io/otel/sdk/metric v1.38.0/go.mod h1:dg9PBnW9XdQ1Hd6ZnRz689CbtrUp0wMMs9iPcgT9EZA=
go.opentelemetry.io/otel/trace v1.38.0 h1:Fxk5bKrDZJUH+AMyyIXGcFAPah0oRcT+LuNtJrmcNLE=
go.opentelemetry.io/otel/trace v1.38.0/go.mod h1:j1P9ivuFsTceSWe1oY+EeW3sc+Pp42sO++GHkg4wwhs=
go.opentelemetry.io/proto/otlp v1.7.1 h1:gTOMpGDb0WTBOP8JaO72iL3auEZhVmAQg4ipjOVAtj4=
go.opentelemetry.io/proto/otlp v1.7.1/go.mod h1:b2rVh6rfI/s2pHWNlB7ILJcRALpcNDzKhACevjI+ZnE=
go.uber.org/goleak v1.3.0 h1:2K3zAYmnTNqV73imy9J1T3WC+gmCePx2hEGkimedGto=
go.uber.org/goleak v1.3.0/go.mod h1:CoHD4mav9JJNrW/WLlf7HGZPjdw8EucARQHekz1X6bE=
golang.org/x/crypto v0.48.0 h1:/VRzVqiRSggnhY7gNRxPauEQ5Drw9haKdM0jqfcCFts=
golang.org/x/crypto v0.48.0/go.mod h1:r0kV5h3qnFPlQnBSrULhlsRfryS2pmewsg+XfMgkVos=
golang.org/x/exp v0.0.0-20260218203240-3dfff04db8fa h1:Zt3DZoOFFYkKhDT3v7Lm9FDMEV06GpzjG2jrqW+QTE0=
golang.org/x/exp v0.0.0-20260218203240-3dfff04db8fa/go.mod h1:K79w1Vqn7PoiZn+TkNpx3BUWUQksGO3JcVX6qIjytmA=
golang.org/x/net v0.49.0 h1:eeHFmOGUTtaaPSGNmjBKpbng9MulQsJURQUAfUwY++o=
golang.org/x/net v0.49.0/go.mod h1:/ysNB2EvaqvesRkuLAyjI1ycPZlQHM3q01F02UY/MV8=
golang.org/x/sys v0.41.0 h1:Ivj+2Cp/ylzLiEU89QhWblYnOE9zerudt9Ftecq2C6k=
golang.org/x/sys v0.41.0/go.mod h1:OgkHotnGiDImocRcuBABYBEXf8A9a87e/uXjp9XT3ks=
golang.org/x/text v0.34.0 h1:oL/Qq0Kdaqxa1KbNeMKwQq0reLCCaFtqu2eNuSeNHbk=
golang.org/x/text v0.34.0/go.mod h1:homfLqTYRFyVYemLBFl5GgL/DWEiH5wcsQ5gSh1yziA=
gonum.org/v1/gonum v0.16.0 h1:5+ul4Swaf3ESvrOnidPp4GZbzf0mxVQpDCYUQE7OJfk=
gonum.org/v1/gonum v0.16.0/go.mod h1:fef3am4MQ93R2HHpKnLk4/Tbh/s0+wqD5nfa6Pnwy4E=
google.golang.org/genproto/googleapis/api v0.0.0-20250825161204-c5933d9347a5 h1:BIRfGDEjiHRrk0QKZe3Xv2ieMhtgRGeLcZQ0mIVn4EY=
google.golang.org/genproto/googleapis/api v0.0.0-20250825161204-c5933d9347a5/go.mod h1:j3QtIyytwqGr1JUDtYXwtMXWPKsEa5LtzIFN1Wn5WvE=
google.golang.org/genproto/googleapis/rpc v0.0.0-20250825161204-c5933d9347a5 h1:eaY8u2EuxbRv7c3NiGK0/NedzVsCcV6hDuU5qPX5EGE=
google.golang.org/genproto/googleapis/rpc v0.0.0-20250825161204-c5933d9347a5/go.mod h1:M4/wBTSeyLxupu3W3tJtOgB14jILAS/XWPSSa3TAlJc=
google.golang.org/grpc v1.75.0 h1:+TW+dqTd2Biwe6KKfhE5JpiYIBWq865PhKGSXiivqt4=
google.golang.org/grpc v1.75.0/go.mod h1:JtPAzKiq4v1xcAB2hydNlWI2RnF85XXcV0mhKXr2ecQ=
google.golang.org/protobuf v1.36.8 h1:xHScyCOEuuwZEc6UtSOvPbAT4zRh0xcNRYekJwfqyMc=
google.golang.org/protobuf v1.36.8/go.mod h1:fuxRtAxBytpl4zzqUh6/eyUujkJdNiuEkXntxiD/uRU=
gopkg.in/check.v1 v0.0.0-20161208181325-20d25e280405/go.mod h1:Co6ibVJAznAaIkqp8huTwlJQCZ016jof/cbN4VW5Yz0=
gopkg.in/check.v1 v1.0.0-20201130134442-10cb98267c6c h1:Hei/4ADfdWqJk1ZMxUNpqntNwaWcugrBjAiHlqqRiVk=
gopkg.in/check.v1 v1.0.0-20201130134442-10cb98267c6c/go.mod h1:JHkPIbrfpd72SG/EVd6muEfDQjcINNoR0C8j2r3qZ4Q=
gopkg.in/yaml.v3 v3.0.1 h1:fxVm/GzAzEWqLHuvctI91KS9hhNmmWOoWu0XTYJS7CA=
gopkg.in/yaml.v3 v3.0.1/go.mod h1:K4uyk7z7BCEPqu6E+C64Yfv1cQ7kz7rIZviUmN+EgEM=
